
Microsoft Visual Studio Solution File, Format Version 12.00
# Visual Studio Version 17
VisualStudioVersion = 17.1.32319.34
MinimumVisualStudioVersion = 10.0.40219.1
Project("{FAE04EC0-301F-11D3-BF4B-00C04F79EFBC}") = "DWTest", "DWTest\DWTest.csproj", "{C2ABA000-88E1-430F-A2CE-BBE7AF984585}"
EndProject
Project("{2150E333-8FDC-42A3-9474-1A3956D46DE8}") = "Solution Items", "Solution Items", "{5031BAEA-7EBB-4A08-8796-8CA79DBDEA48}"
	ProjectSection(SolutionItems) = preProject
		.dockerignore = .dockerignore
	EndProjectSection
EndProject
Global
	GlobalSection(SolutionConfigurationPlatforms) = preSolution
		Debug|Any CPU = Debug|Any CPU
		Release|Any CPU = Release|Any CPU
	EndGlobalSection
	GlobalSection(ProjectConfigurationPlatforms) = postSolution
		{C2ABA000-88E1-430F-A2CE-BBE7AF984585}.Debug|Any CPU.ActiveCfg = Debug|Any CPU
		{C2ABA000-88E1-430F-A2CE-BBE7AF984585}.Debug|Any CPU.Build.0 = Debug|Any CPU
		{C2ABA000-88E1-430F-A2CE-BBE7AF984585}.Release|Any CPU.ActiveCfg = Release|Any CPU
		{C2ABA000-88E1-430F-A2CE-BBE7AF984585}.Release|Any CPU.Build.0 = Release|Any CPU
	EndGlobalSection
	GlobalSection(SolutionProperties) = preSolution
		HideSolutionNode = FALSE
	EndGlobalSection
	GlobalSection(ExtensibilityGlobals) = postSolution
		SolutionGuid = {70749CF2-89E0-4075-A04A-0C20B5E02932}
	EndGlobalSection
EndGlobal
